
Microsoft Visual Studio Solution File, Format Version 12.00
# Visual Studio 15
VisualStudioVersion = 15.0.27004.2009
MinimumVisualStudioVersion = 10.0.40219.1
Project("{FAE04EC0-301F-11D3-BF4B-00C04F79EFBC}") = "NinjaDomain.Classes", "NinjaDomain.Classes\NinjaDomain.Classes.csproj", "{25BF76FB-2086-4176-95BC-F3617FC3C8B1}"
EndProject
Project("{FAE04EC0-301F-11D3-BF4B-00C04F79EFBC}") = "NinjaDomain.DataModel", "NinjaDomain.DataModel\NinjaDomain.DataModel.csproj", "{F4DBDC23-8C44-4E99-A786-0FE2B8A32241}"
EndProject
Global
	GlobalSection(SolutionConfigurationPlatforms) = preSolution
		Debug|Any CPU = Debug|Any CPU
		Release|Any CPU = Release|Any CPU
	EndGlobalSection
	GlobalSection(ProjectConfigurationPlatforms) = postSolution
		{25BF76FB-2086-4176-95BC-F3617FC3C8B1}.Debug|Any CPU.ActiveCfg = Debug|Any CPU
		{25BF76FB-2086-4176-95BC-F3617FC3C8B1}.Debug|Any CPU.Build.0 = Debug|Any CPU
		{25BF76FB-2086-4176-95BC-F3617FC3C8B1}.Release|Any CPU.ActiveCfg = Release|Any CPU
		{25BF76FB-2086-4176-95BC-F3617FC3C8B1}.Release|Any CPU.Build.0 = Release|Any CPU
		{F4DBDC23-8C44-4E99-A786-0FE2B8A32241}.Debug|Any CPU.ActiveCfg = Debug|Any CPU
		{F4DBDC23-8C44-4E99-A786-0FE2B8A32241}.Debug|Any CPU.Build.0 = Debug|Any CPU
		{F4DBDC23-8C44-4E99-A786-0FE2B8A32241}.Release|Any CPU.ActiveCfg = Release|Any CPU
		{F4DBDC23-8C44-4E99-A786-0FE2B8A32241}.Release|Any CPU.Build.0 = Release|Any CPU
	EndGlobalSection
	GlobalSection(SolutionProperties) = preSolution
		HideSolutionNode = FALSE
	EndGlobalSection
	GlobalSection(ExtensibilityGlobals) = postSolution
		SolutionGuid = {F2643BC2-28F0-429A-B660-6496DF58D544}
	EndGlobalSection
EndGlobal
